
Microsoft Visual Studio Solution File, Format Version 12.00
# Visual Studio Version 16
VisualStudioVersion = 16.0.32228.343
MinimumVisualStudioVersion = 10.0.40219.1
Project("{FAE04EC0-301F-11D3-BF4B-00C04F79EFBC}") = "Website", "Website\Website.csproj", "{F325AAAA-8102-4BB7-A470-24439723C226}"
EndProject
Project("{FAE04EC0-301F-11D3-BF4B-00C04F79EFBC}") = "ADDJ.Admin", "ADDJ.Admin\ADDJ.Admin.csproj", "{FC21B610-6719-40CB-9C0B-C7BB5725530E}"
EndProject
Project("{FAE04EC0-301F-11D3-BF4B-00C04F79EFBC}") = "ADDJ.Control", "ADDJ.Control\ADDJ.Control.csproj", "{23AE06C0-8D4A-4257-A32D-A0C399E2D1CA}"
EndProject
Project("{FAE04EC0-301F-11D3-BF4B-00C04F79EFBC}") = "ADDJ.Core", "ADDJ.Core\ADDJ.Core.csproj", "{4DF930BD-702A-4D3C-A127-D5DF3F50D108}"
EndProject
Project("{FAE04EC0-301F-11D3-BF4B-00C04F79EFBC}") = "ADDJ.Entity", "ADDJ.Entity\ADDJ.Entity.csproj", "{C73B10F0-A17C-4AFD-A111-B4DDB69A1989}"
EndProject
Project("{FAE04EC0-301F-11D3-BF4B-00C04F79EFBC}") = "ADDJ.Impl", "ADDJ.Impl\ADDJ.Impl.csproj", "{C9773D23-0CC1-4949-8745-D11B2597DC3F}"
EndProject
Project("{FAE04EC0-301F-11D3-BF4B-00C04F79EFBC}") = "ADDJ.Sercurity", "ADDJ.Sercurity\ADDJ.Sercurity.csproj", "{DD532603-A8C9-481E-9C23-C29F21121B43}"
EndProject
Global
	GlobalSection(SolutionConfigurationPlatforms) = preSolution
		CD_ROM|Any CPU = CD_ROM|Any CPU
		CD_ROM|Mixed Platforms = CD_ROM|Mixed Platforms
		CD_ROM|x86 = CD_ROM|x86
		Debug|Any CPU = Debug|Any CPU
		Debug|Mixed Platforms = Debug|Mixed Platforms
		Debug|x86 = Debug|x86
		DVD-5|Any CPU = DVD-5|Any CPU
		DVD-5|Mixed Platforms = DVD-5|Mixed Platforms
		DVD-5|x86 = DVD-5|x86
		Release|Any CPU = Release|Any CPU
		Release|Mixed Platforms = Release|Mixed Platforms
		Release|x86 = Release|x86
		SingleImage|Any CPU = SingleImage|Any CPU
		SingleImage|Mixed Platforms = SingleImage|Mixed Platforms
		SingleImage|x86 = SingleImage|x86
	EndGlobalSection
	GlobalSection(ProjectConfigurationPlatforms) = postSolution
		{F325AAAA-8102-4BB7-A470-24439723C226}.CD_ROM|Any CPU.ActiveCfg = Release|Any CPU
		{F325AAAA-8102-4BB7-A470-24439723C226}.CD_ROM|Any CPU.Build.0 = Release|Any CPU
		{F325AAAA-8102-4BB7-A470-24439723C226}.CD_ROM|Mixed Platforms.ActiveCfg = Release|Any CPU
		{F325AAAA-8102-4BB7-A470-24439723C226}.CD_ROM|Mixed Platforms.Build.0 = Release|Any CPU
		{F325AAAA-8102-4BB7-A470-24439723C226}.CD_ROM|x86.ActiveCfg = Release|Any CPU
		{F325AAAA-8102-4BB7-A470-24439723C226}.Debug|Any CPU.ActiveCfg = Debug|Any CPU
		{F325AAAA-8102-4BB7-A470-24439723C226}.Debug|Any CPU.Build.0 = Debug|Any CPU
		{F325AAAA-8102-4BB7-A470-24439723C226}.Debug|Mixed Platforms.ActiveCfg = Debug|Any CPU
		{F325AAAA-8102-4BB7-A470-24439723C226}.Debug|Mixed Platforms.Build.0 = Debug|Any CPU
		{F325AAAA-8102-4BB7-A470-24439723C226}.Debug|x86.ActiveCfg = Debug|Any CPU
		{F325AAAA-8102-4BB7-A470-24439723C226}.DVD-5|Any CPU.ActiveCfg = Debug|Any CPU
		{F325AAAA-8102-4BB7-A470-24439723C226}.DVD-5|Any CPU.Build.0 = Debug|Any CPU
		{F325AAAA-8102-4BB7-A470-24439723C226}.DVD-5|Mixed Platforms.ActiveCfg = Debug|Any CPU
		{F325AAAA-8102-4BB7-A470-24439723C226}.DVD-5|Mixed Platforms.Build.0 = Debug|Any CPU
		{F325AAAA-8102-4BB7-A470-24439723C226}.DVD-5|x86.ActiveCfg = Debug|Any CPU
		{F325AAAA-8102-4BB7-A470-24439723C226}.Release|Any CPU.ActiveCfg = Release|Any CPU
		{F325AAAA-8102-4BB7-A470-24439723C226}.Release|Any CPU.Build.0 = Release|Any CPU
		{F325AAAA-8102-4BB7-A470-24439723C226}.Release|Mixed Platforms.ActiveCfg = Release|Any CPU
		{F325AAAA-8102-4BB7-A470-24439723C226}.Release|Mixed Platforms.Build.0 = Release|Any CPU
		{F325AAAA-8102-4BB7-A470-24439723C226}.Release|x86.ActiveCfg = Release|Any CPU
		{F325AAAA-8102-4BB7-A470-24439723C226}.SingleImage|Any CPU.ActiveCfg = Release|Any CPU
		{F325AAAA-8102-4BB7-A470-24439723C226}.SingleImage|Any CPU.Build.0 = Release|Any CPU
		{F325AAAA-8102-4BB7-A470-24439723C226}.SingleImage|Mixed Platforms.ActiveCfg = Release|Any CPU
		{F325AAAA-8102-4BB7-A470-24439723C226}.SingleImage|Mixed Platforms.Build.0 = Release|Any CPU
		{F325AAAA-8102-4BB7-A470-24439723C226}.SingleImage|x86.ActiveCfg = Release|Any CPU
		{FC21B610-6719-40CB-9C0B-C7BB5725530E}.CD_ROM|Any CPU.ActiveCfg = Release|Any CPU
		{FC21B610-6719-40CB-9C0B-C7BB5725530E}.CD_ROM|Any CPU.Build.0 = Release|Any CPU
		{FC21B610-6719-40CB-9C0B-C7BB5725530E}.CD_ROM|Mixed Platforms.ActiveCfg = Release|Any CPU
		{FC21B610-6719-40CB-9C0B-C7BB5725530E}.CD_ROM|Mixed Platforms.Build.0 = Release|Any CPU
		{FC21B610-6719-40CB-9C0B-C7BB5725530E}.CD_ROM|x86.ActiveCfg = Release|Any CPU
		{FC21B610-6719-40CB-9C0B-C7BB5725530E}.CD_ROM|x86.Build.0 = Release|Any CPU
		{FC21B610-6719-40CB-9C0B-C7BB5725530E}.Debug|Any CPU.ActiveCfg = Debug|Any CPU
		{FC21B610-6719-40CB-9C0B-C7BB5725530E}.Debug|Any CPU.Build.0 = Debug|Any CPU
		{FC21B610-6719-40CB-9C0B-C7BB5725530E}.Debug|Mixed Platforms.ActiveCfg = Debug|Any CPU
		{FC21B610-6719-40CB-9C0B-C7BB5725530E}.Debug|Mixed Platforms.Build.0 = Debug|Any CPU
		{FC21B610-6719-40CB-9C0B-C7BB5725530E}.Debug|x86.ActiveCfg = Debug|Any CPU
		{FC21B610-6719-40CB-9C0B-C7BB5725530E}.Debug|x86.Build.0 = Debug|Any CPU
		{FC21B610-6719-40CB-9C0B-C7BB5725530E}.DVD-5|Any CPU.ActiveCfg = Debug|Any CPU
		{FC21B610-6719-40CB-9C0B-C7BB5725530E}.DVD-5|Any CPU.Build.0 = Debug|Any CPU
		{FC21B610-6719-40CB-9C0B-C7BB5725530E}.DVD-5|Mixed Platforms.ActiveCfg = Debug|Any CPU
		{FC21B610-6719-40CB-9C0B-C7BB5725530E}.DVD-5|Mixed Platforms.Build.0 = Debug|Any CPU
		{FC21B610-6719-40CB-9C0B-C7BB5725530E}.DVD-5|x86.ActiveCfg = Debug|Any CPU
		{FC21B610-6719-40CB-9C0B-C7BB5725530E}.DVD-5|x86.Build.0 = Debug|Any CPU
		{FC21B610-6719-40CB-9C0B-C7BB5725530E}.Release|Any CPU.ActiveCfg = Release|Any CPU
		{FC21B610-6719-40CB-9C0B-C7BB5725530E}.Release|Any CPU.Build.0 = Release|Any CPU
		{FC21B610-6719-40CB-9C0B-C7BB5725530E}.Release|Mixed Platforms.ActiveCfg = Release|Any CPU
		{FC21B610-6719-40CB-9C0B-C7BB5725530E}.Release|Mixed Platforms.Build.0 = Release|Any CPU
		{FC21B610-6719-40CB-9C0B-C7BB5725530E}.Release|x86.ActiveCfg = Release|Any CPU
		{FC21B610-6719-40CB-9C0B-C7BB5725530E}.Release|x86.Build.0 = Release|Any CPU
		{FC21B610-6719-40CB-9C0B-C7BB5725530E}.SingleImage|Any CPU.ActiveCfg = Release|Any CPU
		{FC21B610-6719-40CB-9C0B-C7BB5725530E}.SingleImage|Any CPU.Build.0 = Release|Any CPU
		{FC21B610-6719-40CB-9C0B-C7BB5725530E}.SingleImage|Mixed Platforms.ActiveCfg = Release|Any CPU
		{FC21B610-6719-40CB-9C0B-C7BB5725530E}.SingleImage|Mixed Platforms.Build.0 = Release|Any CPU
		{FC21B610-6719-40CB-9C0B-C7BB5725530E}.SingleImage|x86.ActiveCfg = Release|Any CPU
		{FC21B610-6719-40CB-9C0B-C7BB5725530E}.SingleImage|x86.Build.0 = Release|Any CPU
		{23AE06C0-8D4A-4257-A32D-A0C399E2D1CA}.CD_ROM|Any CPU.ActiveCfg = Release|Any CPU
		{23AE06C0-8D4A-4257-A32D-A0C399E2D1CA}.CD_ROM|Any CPU.Build.0 = Release|Any CPU
		{23AE06C0-8D4A-4257-A32D-A0C399E2D1CA}.CD_ROM|Mixed Platforms.ActiveCfg = Release|Any CPU
		{23AE06C0-8D4A-4257-A32D-A0C399E2D1CA}.CD_ROM|Mixed Platforms.Build.0 = Release|Any CPU
		{23AE06C0-8D4A-4257-A32D-A0C399E2D1CA}.CD_ROM|x86.ActiveCfg = Release|Any CPU
		{23AE06C0-8D4A-4257-A32D-A0C399E2D1CA}.CD_ROM|x86.Build.0 = Release|Any CPU
		{23AE06C0-8D4A-4257-A32D-A0C399E2D1CA}.Debug|Any CPU.ActiveCfg = Debug|Any CPU
		{23AE06C0-8D4A-4257-A32D-A0C399E2D1CA}.Debug|Any CPU.Build.0 = Debug|Any CPU
		{23AE06C0-8D4A-4257-A32D-A0C399E2D1CA}.Debug|Mixed Platforms.ActiveCfg = Debug|Any CPU
		{23AE06C0-8D4A-4257-A32D-A0C399E2D1CA}.Debug|Mixed Platforms.Build.0 = Debug|Any CPU
		{23AE06C0-8D4A-4257-A32D-A0C399E2D1CA}.Debug|x86.ActiveCfg = Debug|Any CPU
		{23AE06C0-8D4A-4257-A32D-A0C399E2D1CA}.Debug|x86.Build.0 = Debug|Any CPU
		{23AE06C0-8D4A-4257-A32D-A0C399E2D1CA}.DVD-5|Any CPU.ActiveCfg = Debug|Any CPU
		{23AE06C0-8D4A-4257-A32D-A0C399E2D1CA}.DVD-5|Any CPU.Build.0 = Debug|Any CPU
		{23AE06C0-8D4A-4257-A32D-A0C399E2D1CA}.DVD-5|Mixed Platforms.ActiveCfg = Debug|Any CPU
		{23AE06C0-8D4A-4257-A32D-A0C399E2D1CA}.DVD-5|Mixed Platforms.Build.0 = Debug|Any CPU
		{23AE06C0-8D4A-4257-A32D-A0C399E2D1CA}.DVD-5|x86.ActiveCfg = Debug|Any CPU
		{23AE06C0-8D4A-4257-A32D-A0C399E2D1CA}.DVD-5|x86.Build.0 = Debug|Any CPU
		{23AE06C0-8D4A-4257-A32D-A0C399E2D1CA}.Release|Any CPU.ActiveCfg = Release|Any CPU
		{23AE06C0-8D4A-4257-A32D-A0C399E2D1CA}.Release|Any CPU.Build.0 = Release|Any CPU
		{23AE06C0-8D4A-4257-A32D-A0C399E2D1CA}.Release|Mixed Platforms.ActiveCfg = Release|Any CPU
		{23AE06C0-8D4A-4257-A32D-A0C399E2D1CA}.Release|Mixed Platforms.Build.0 = Release|Any CPU
		{23AE06C0-8D4A-4257-A32D-A0C399E2D1CA}.Release|x86.ActiveCfg = Release|Any CPU
		{23AE06C0-8D4A-4257-A32D-A0C399E2D1CA}.Release|x86.Build.0 = Release|Any CPU
		{23AE06C0-8D4A-4257-A32D-A0C399E2D1CA}.SingleImage|Any CPU.ActiveCfg = Release|Any CPU
		{23AE06C0-8D4A-4257-A32D-A0C399E2D1CA}.SingleImage|Any CPU.Build.0 = Release|Any CPU
		{23AE06C0-8D4A-4257-A32D-A0C399E2D1CA}.SingleImage|Mixed Platforms.ActiveCfg = Release|Any CPU
		{23AE06C0-8D4A-4257-A32D-A0C399E2D1CA}.SingleImage|Mixed Platforms.Build.0 = Release|Any CPU
		{23AE06C0-8D4A-4257-A32D-A0C399E2D1CA}.SingleImage|x86.ActiveCfg = Release|Any CPU
		{23AE06C0-8D4A-4257-A32D-A0C399E2D1CA}.SingleImage|x86.Build.0 = Release|Any CPU
		{4DF930BD-702A-4D3C-A127-D5DF3F50D108}.CD_ROM|Any CPU.ActiveCfg = Release|Any CPU
		{4DF930BD-702A-4D3C-A127-D5DF3F50D108}.CD_ROM|Any CPU.Build.0 = Release|Any CPU
		{4DF930BD-702A-4D3C-A127-D5DF3F50D108}.CD_ROM|Mixed Platforms.ActiveCfg = Release|Any CPU
		{4DF930BD-702A-4D3C-A127-D5DF3F50D108}.CD_ROM|Mixed Platforms.Build.0 = Release|Any CPU
		{4DF930BD-702A-4D3C-A127-D5DF3F50D108}.CD_ROM|x86.ActiveCfg = Release|Any CPU
		{4DF930BD-702A-4D3C-A127-D5DF3F50D108}.CD_ROM|x86.Build.0 = Release|Any CPU
		{4DF930BD-702A-4D3C-A127-D5DF3F50D108}.Debug|Any CPU.ActiveCfg = Debug|Any CPU
		{4DF930BD-702A-4D3C-A127-D5DF3F50D108}.Debug|Any CPU.Build.0 = Debug|Any CPU
		{4DF930BD-702A-4D3C-A127-D5DF3F50D108}.Debug|Mixed Platforms.ActiveCfg = Debug|Any CPU
		{4DF930BD-702A-4D3C-A127-D5DF3F50D108}.Debug|Mixed Platforms.Build.0 = Debug|Any CPU
		{4DF930BD-702A-4D3C-A127-D5DF3F50D108}.Debug|x86.ActiveCfg = Debug|Any CPU
		{4DF930BD-702A-4D3C-A127-D5DF3F50D108}.Debug|x86.Build.0 = Debug|Any CPU
		{4DF930BD-702A-4D3C-A127-D5DF3F50D108}.DVD-5|Any CPU.ActiveCfg = Debug|Any CPU
		{4DF930BD-702A-4D3C-A127-D5DF3F50D108}.DVD-5|Any CPU.Build.0 = Debug|Any CPU
		{4DF930BD-702A-4D3C-A127-D5DF3F50D108}.DVD-5|Mixed Platforms.ActiveCfg = Debug|Any CPU
		{4DF930BD-702A-4D3C-A127-D5DF3F50D108}.DVD-5|Mixed Platforms.Build.0 = Debug|Any CPU
		{4DF930BD-702A-4D3C-A127-D5DF3F50D108}.DVD-5|x86.ActiveCfg = Debug|Any CPU
		{4DF930BD-702A-4D3C-A127-D5DF3F50D108}.DVD-5|x86.Build.0 = Debug|Any CPU
		{4DF930BD-702A-4D3C-A127-D5DF3F50D108}.Release|Any CPU.ActiveCfg = Release|Any CPU
		{4DF930BD-702A-4D3C-A127-D5DF3F50D108}.Release|Any CPU.Build.0 = Release|Any CPU
		{4DF930BD-702A-4D3C-A127-D5DF3F50D108}.Release|Mixed Platforms.ActiveCfg = Release|Any CPU
		{4DF930BD-702A-4D3C-A127-D5DF3F50D108}.Release|Mixed Platforms.Build.0 = Release|Any CPU
		{4DF930BD-702A-4D3C-A127-D5DF3F50D108}.Release|x86.ActiveCfg = Release|Any CPU
		{4DF930BD-702A-4D3C-A127-D5DF3F50D108}.Release|x86.Build.0 = Release|Any CPU
		{4DF930BD-702A-4D3C-A127-D5DF3F50D108}.SingleImage|Any CPU.ActiveCfg = Release|Any CPU
		{4DF930BD-702A-4D3C-A127-D5DF3F50D108}.SingleImage|Any CPU.Build.0 = Release|Any CPU
		{4DF930BD-702A-4D3C-A127-D5DF3F50D108}.SingleImage|Mixed Platforms.ActiveCfg = Release|Any CPU
		{4DF930BD-702A-4D3C-A127-D5DF3F50D108}.SingleImage|Mixed Platforms.Build.0 = Release|Any CPU
		{4DF930BD-702A-4D3C-A127-D5DF3F50D108}.SingleImage|x86.ActiveCfg = Release|Any CPU
		{4DF930BD-702A-4D3C-A127-D5DF3F50D108}.SingleImage|x86.Build.0 = Release|Any CPU
		{C73B10F0-A17C-4AFD-A111-B4DDB69A1989}.CD_ROM|Any CPU.ActiveCfg = Release|Any CPU
		{C73B10F0-A17C-4AFD-A111-B4DDB69A1989}.CD_ROM|Any CPU.Build.0 = Release|Any CPU
		{C73B10F0-A17C-4AFD-A111-B4DDB69A1989}.CD_ROM|Mixed Platforms.ActiveCfg = Release|Any CPU
		{C73B10F0-A17C-4AFD-A111-B4DDB69A1989}.CD_ROM|Mixed Platforms.Build.0 = Release|Any CPU
		{C73B10F0-A17C-4AFD-A111-B4DDB69A1989}.CD_ROM|x86.ActiveCfg = Release|Any CPU
		{C73B10F0-A17C-4AFD-A111-B4DDB69A1989}.CD_ROM|x86.Build.0 = Release|Any CPU
		{C73B10F0-A17C-4AFD-A111-B4DDB69A1989}.Debug|Any CPU.ActiveCfg = Debug|Any CPU
		{C73B10F0-A17C-4AFD-A111-B4DDB69A1989}.Debug|Any CPU.Build.0 = Debug|Any CPU
		{C73B10F0-A17C-4AFD-A111-B4DDB69A1989}.Debug|Mixed Platforms.ActiveCfg = Debug|Any CPU
		{C73B10F0-A17C-4AFD-A111-B4DDB69A1989}.Debug|Mixed Platforms.Build.0 = Debug|Any CPU
		{C73B10F0-A17C-4AFD-A111-B4DDB69A1989}.Debug|x86.ActiveCfg = Debug|Any CPU
		{C73B10F0-A17C-4AFD-A111-B4DDB69A1989}.Debug|x86.Build.0 = Debug|Any CPU
		{C73B10F0-A17C-4AFD-A111-B4DDB69A1989}.DVD-5|Any CPU.ActiveCfg = Debug|Any CPU
		{C73B10F0-A17C-4AFD-A111-B4DDB69A1989}.DVD-5|Any CPU.Build.0 = Debug|Any CPU
		{C73B10F0-A17C-4AFD-A111-B4DDB69A1989}.DVD-5|Mixed Platforms.ActiveCfg = Debug|Any CPU
		{C73B10F0-A17C-4AFD-A111-B4DDB69A1989}.DVD-5|Mixed Platforms.Build.0 = Debug|Any CPU
		{C73B10F0-A17C-4AFD-A111-B4DDB69A1989}.DVD-5|x86.ActiveCfg = Debug|Any CPU
		{C73B10F0-A17C-4AFD-A111-B4DDB69A1989}.DVD-5|x86.Build.0 = Debug|Any CPU
		{C73B10F0-A17C-4AFD-A111-B4DDB69A1989}.Release|Any CPU.ActiveCfg = Release|Any CPU
		{C73B10F0-A17C-4AFD-A111-B4DDB69A1989}.Release|Any CPU.Build.0 = Release|Any CPU
		{C73B10F0-A17C-4AFD-A111-B4DDB69A1989}.Release|Mixed Platforms.ActiveCfg = Release|Any CPU
		{C73B10F0-A17C-4AFD-A111-B4DDB69A1989}.Release|Mixed Platforms.Build.0 = Release|Any CPU
		{C73B10F0-A17C-4AFD-A111-B4DDB69A1989}.Release|x86.ActiveCfg = Release|Any CPU
		{C73B10F0-A17C-4AFD-A111-B4DDB69A1989}.Release|x86.Build.0 = Release|Any CPU
		{C73B10F0-A17C-4AFD-A111-B4DDB69A1989}.SingleImage|Any CPU.ActiveCfg = Release|Any CPU
		{C73B10F0-A17C-4AFD-A111-B4DDB69A1989}.SingleImage|Any CPU.Build.0 = Release|Any CPU
		{C73B10F0-A17C-4AFD-A111-B4DDB69A1989}.SingleImage|Mixed Platforms.ActiveCfg = Release|Any CPU
		{C73B10F0-A17C-4AFD-A111-B4DDB69A1989}.SingleImage|Mixed Platforms.Build.0 = Release|Any CPU
		{C73B10F0-A17C-4AFD-A111-B4DDB69A1989}.SingleImage|x86.ActiveCfg = Release|Any CPU
		{C73B10F0-A17C-4AFD-A111-B4DDB69A1989}.SingleImage|x86.Build.0 = Release|Any CPU
		{C9773D23-0CC1-4949-8745-D11B2597DC3F}.CD_ROM|Any CPU.ActiveCfg = Release|Any CPU
		{C9773D23-0CC1-4949-8745-D11B2597DC3F}.CD_ROM|Any CPU.Build.0 = Release|Any CPU
		{C9773D23-0CC1-4949-8745-D11B2597DC3F}.CD_ROM|Mixed Platforms.ActiveCfg = Release|Any CPU
		{C9773D23-0CC1-4949-8745-D11B2597DC3F}.CD_ROM|Mixed Platforms.Build.0 = Release|Any CPU
		{C9773D23-0CC1-4949-8745-D11B2597DC3F}.CD_ROM|x86.ActiveCfg = Release|Any CPU
		{C9773D23-0CC1-4949-8745-D11B2597DC3F}.CD_ROM|x86.Build.0 = Release|Any CPU
		{C9773D23-0CC1-4949-8745-D11B2597DC3F}.Debug|Any CPU.ActiveCfg = Debug|Any CPU
		{C9773D23-0CC1-4949-8745-D11B2597DC3F}.Debug|Any CPU.Build.0 = Debug|Any CPU
		{C9773D23-0CC1-4949-8745-D11B2597DC3F}.Debug|Mixed Platforms.ActiveCfg = Debug|Any CPU
		{C9773D23-0CC1-4949-8745-D11B2597DC3F}.Debug|Mixed Platforms.Build.0 = Debug|Any CPU
		{C9773D23-0CC1-4949-8745-D11B2597DC3F}.Debug|x86.ActiveCfg = Debug|Any CPU
		{C9773D23-0CC1-4949-8745-D11B2597DC3F}.Debug|x86.Build.0 = Debug|Any CPU
		{C9773D23-0CC1-4949-8745-D11B2597DC3F}.DVD-5|Any CPU.ActiveCfg = Debug|Any CPU
		{C9773D23-0CC1-4949-8745-D11B2597DC3F}.DVD-5|Any CPU.Build.0 = Debug|Any CPU
		{C9773D23-0CC1-4949-8745-D11B2597DC3F}.DVD-5|Mixed Platforms.ActiveCfg = Debug|Any CPU
		{C9773D23-0CC1-4949-8745-D11B2597DC3F}.DVD-5|Mixed Platforms.Build.0 = Debug|Any CPU
		{C9773D23-0CC1-4949-8745-D11B2597DC3F}.DVD-5|x86.ActiveCfg = Debug|Any CPU
		{C9773D23-0CC1-4949-8745-D11B2597DC3F}.DVD-5|x86.Build.0 = Debug|Any CPU
		{C9773D23-0CC1-4949-8745-D11B2597DC3F}.Release|Any CPU.ActiveCfg = Release|Any CPU
		{C9773D23-0CC1-4949-8745-D11B2597DC3F}.Release|Any CPU.Build.0 = Release|Any CPU
		{C9773D23-0CC1-4949-8745-D11B2597DC3F}.Release|Mixed Platforms.ActiveCfg = Release|Any CPU
		{C9773D23-0CC1-4949-8745-D11B2597DC3F}.Release|Mixed Platforms.Build.0 = Release|Any CPU
		{C9773D23-0CC1-4949-8745-D11B2597DC3F}.Release|x86.ActiveCfg = Release|Any CPU
		{C9773D23-0CC1-4949-8745-D11B2597DC3F}.Release|x86.Build.0 = Release|Any CPU
		{C9773D23-0CC1-4949-8745-D11B2597DC3F}.SingleImage|Any CPU.ActiveCfg = Release|Any CPU
		{C9773D23-0CC1-4949-8745-D11B2597DC3F}.SingleImage|Any CPU.Build.0 = Release|Any CPU
		{C9773D23-0CC1-4949-8745-D11B2597DC3F}.SingleImage|Mixed Platforms.ActiveCfg = Release|Any CPU
		{C9773D23-0CC1-4949-8745-D11B2597DC3F}.SingleImage|Mixed Platforms.Build.0 = Release|Any CPU
		{C9773D23-0CC1-4949-8745-D11B2597DC3F}.SingleImage|x86.ActiveCfg = Release|Any CPU
		{C9773D23-0CC1-4949-8745-D11B2597DC3F}.SingleImage|x86.Build.0 = Release|Any CPU
		{DD532603-A8C9-481E-9C23-C29F21121B43}.CD_ROM|Any CPU.ActiveCfg = Release|Any CPU
		{DD532603-A8C9-481E-9C23-C29F21121B43}.CD_ROM|Any CPU.Build.0 = Release|Any CPU
		{DD532603-A8C9-481E-9C23-C29F21121B43}.CD_ROM|Mixed Platforms.ActiveCfg = Release|Any CPU
		{DD532603-A8C9-481E-9C23-C29F21121B43}.CD_ROM|Mixed Platforms.Build.0 = Release|Any CPU
		{DD532603-A8C9-481E-9C23-C29F21121B43}.CD_ROM|x86.ActiveCfg = Release|Any CPU
		{DD532603-A8C9-481E-9C23-C29F21121B43}.CD_ROM|x86.Build.0 = Release|Any CPU
		{DD532603-A8C9-481E-9C23-C29F21121B43}.Debug|Any CPU.ActiveCfg = Debug|Any CPU
		{DD532603-A8C9-481E-9C23-C29F21121B43}.Debug|Any CPU.Build.0 = Debug|Any CPU
		{DD532603-A8C9-481E-9C23-C29F21121B43}.Debug|Mixed Platforms.ActiveCfg = Debug|Any CPU
		{DD532603-A8C9-481E-9C23-C29F21121B43}.Debug|Mixed Platforms.Build.0 = Debug|Any CPU
		{DD532603-A8C9-481E-9C23-C29F21121B43}.Debug|x86.ActiveCfg = Debug|Any CPU
		{DD532603-A8C9-481E-9C23-C29F21121B43}.Debug|x86.Build.0 = Debug|Any CPU
		{DD532603-A8C9-481E-9C23-C29F21121B43}.DVD-5|Any CPU.ActiveCfg = Debug|Any CPU
		{DD532603-A8C9-481E-9C23-C29F21121B43}.DVD-5|Any CPU.Build.0 = Debug|Any CPU
		{DD532603-A8C9-481E-9C23-C29F21121B43}.DVD-5|Mixed Platforms.ActiveCfg = Debug|Any CPU
		{DD532603-A8C9-481E-9C23-C29F21121B43}.DVD-5|Mixed Platforms.Build.0 = Debug|Any CPU
		{DD532603-A8C9-481E-9C23-C29F21121B43}.DVD-5|x86.ActiveCfg = Debug|Any CPU
		{DD532603-A8C9-481E-9C23-C29F21121B43}.DVD-5|x86.Build.0 = Debug|Any CPU
		{DD532603-A8C9-481E-9C23-C29F21121B43}.Release|Any CPU.ActiveCfg = Release|Any CPU
		{DD532603-A8C9-481E-9C23-C29F21121B43}.Release|Any CPU.Build.0 = Release|Any CPU
		{DD532603-A8C9-481E-9C23-C29F21121B43}.Release|Mixed Platforms.ActiveCfg = Release|Any CPU
		{DD532603-A8C9-481E-9C23-C29F21121B43}.Release|Mixed Platforms.Build.0 = Release|Any CPU
		{DD532603-A8C9-481E-9C23-C29F21121B43}.Release|x86.ActiveCfg = Release|Any CPU
		{DD532603-A8C9-481E-9C23-C29F21121B43}.Release|x86.Build.0 = Release|Any CPU
		{DD532603-A8C9-481E-9C23-C29F21121B43}.SingleImage|Any CPU.ActiveCfg = Release|Any CPU
		{DD532603-A8C9-481E-9C23-C29F21121B43}.SingleImage|Any CPU.Build.0 = Release|Any CPU
		{DD532603-A8C9-481E-9C23-C29F21121B43}.SingleImage|Mixed Platforms.ActiveCfg = Release|Any CPU
		{DD532603-A8C9-481E-9C23-C29F21121B43}.SingleImage|Mixed Platforms.Build.0 = Release|Any CPU
		{DD532603-A8C9-481E-9C23-C29F21121B43}.SingleImage|x86.ActiveCfg = Release|Any CPU
		{DD532603-A8C9-481E-9C23-C29F21121B43}.SingleImage|x86.Build.0 = Release|Any CPU
	EndGlobalSection
	GlobalSection(SolutionProperties) = preSolution
		HideSolutionNode = FALSE
	EndGlobalSection
	GlobalSection(ExtensibilityGlobals) = postSolution
		SolutionGuid = {E00F7659-5DA9-4505-B519-2F5650CEB6B5}
	EndGlobalSection
EndGlobal
